// !$*UTF8*$!
{
	archiveVersion = 1;
	classes = {
	};
	objectVersion = 56;
	objects = {

/* Begin PBXBuildFile section */
		211AACCE2A7D5EA000D7469C /* AppDelegate.swift in Sources */ = {isa = PBXBuildFile; fileRef = 211AACCD2A7D5EA000D7469C /* AppDelegate.swift */; };
		211AACD02A7D5EA000D7469C /* SceneDelegate.swift in Sources */ = {isa = PBXBuildFile; fileRef = 211AACCF2A7D5EA000D7469C /* SceneDelegate.swift */; };
		211AACD22A7D5EA000D7469C /* RegistrationViewController.swift in Sources */ = {isa = PBXBuildFile; fileRef = 211AACD12A7D5EA000D7469C /* RegistrationViewController.swift */; };
		211AACD72A7D5EA200D7469C /* Assets.xcassets in Resources */ = {isa = PBXBuildFile; fileRef = 211AACD62A7D5EA200D7469C /* Assets.xcassets */; };
		211AACDA2A7D5EA200D7469C /* LaunchScreen.storyboard in Resources */ = {isa = PBXBuildFile; fileRef = 211AACD82A7D5EA200D7469C /* LaunchScreen.storyboard */; };
		211AAD272A7E12CD00D7469C /* DefaultTextField.swift in Sources */ = {isa = PBXBuildFile; fileRef = 211AAD262A7E12CD00D7469C /* DefaultTextField.swift */; };
		BF1C52E72A7E4D17008B642D /* DefaultProgressBar.swift in Sources */ = {isa = PBXBuildFile; fileRef = BF1C52E62A7E4D17008B642D /* DefaultProgressBar.swift */; };
		211AAD2B2A7E2CBA00D7469C /* ChooseZhanrViewController.swift in Sources */ = {isa = PBXBuildFile; fileRef = 211AAD2A2A7E2CBA00D7469C /* ChooseZhanrViewController.swift */; };
		211AAD2E2A7E35DF00D7469C /* ButtonsCollectionViewCell.swift in Sources */ = {isa = PBXBuildFile; fileRef = 211AAD2D2A7E35DF00D7469C /* ButtonsCollectionViewCell.swift */; };
		211AAD302A7E387E00D7469C /* OptionsTableViewCell.swift in Sources */ = {isa = PBXBuildFile; fileRef = 211AAD2F2A7E387E00D7469C /* OptionsTableViewCell.swift */; };
		BF52FE3A2A7E0ABF0028B093 /* Color.swift in Sources */ = {isa = PBXBuildFile; fileRef = BF52FE392A7E0ABF0028B093 /* Color.swift */; };
		BF52FE3C2A7E0DF80028B093 /* Image.swift in Sources */ = {isa = PBXBuildFile; fileRef = BF52FE3B2A7E0DF80028B093 /* Image.swift */; };
		DEFCE87B2A7E1BA300FA6051 /* DefaultButton.swift in Sources */ = {isa = PBXBuildFile; fileRef = DEFCE87A2A7E1BA300FA6051 /* DefaultButton.swift */; };
/* End PBXBuildFile section */

/* Begin PBXFileReference section */
		211AACCA2A7D5EA000D7469C /* Muslink.app */ = {isa = PBXFileReference; explicitFileType = wrapper.application; includeInIndex = 0; path = Muslink.app; sourceTree = BUILT_PRODUCTS_DIR; };
		211AACCD2A7D5EA000D7469C /* AppDelegate.swift */ = {isa = PBXFileReference; lastKnownFileType = sourcecode.swift; path = AppDelegate.swift; sourceTree = "<group>"; };
		211AACCF2A7D5EA000D7469C /* SceneDelegate.swift */ = {isa = PBXFileReference; lastKnownFileType = sourcecode.swift; path = SceneDelegate.swift; sourceTree = "<group>"; };
		211AACD12A7D5EA000D7469C /* RegistrationViewController.swift */ = {isa = PBXFileReference; lastKnownFileType = sourcecode.swift; path = RegistrationViewController.swift; sourceTree = "<group>"; };
		211AACD62A7D5EA200D7469C /* Assets.xcassets */ = {isa = PBXFileReference; lastKnownFileType = folder.assetcatalog; path = Assets.xcassets; sourceTree = "<group>"; };
		211AACD92A7D5EA200D7469C /* Base */ = {isa = PBXFileReference; lastKnownFileType = file.storyboard; name = Base; path = Base.lproj/LaunchScreen.storyboard; sourceTree = "<group>"; };
		211AACDB2A7D5EA200D7469C /* Info.plist */ = {isa = PBXFileReference; lastKnownFileType = text.plist.xml; path = Info.plist; sourceTree = "<group>"; };
		211AAD262A7E12CD00D7469C /* DefaultTextField.swift */ = {isa = PBXFileReference; lastKnownFileType = sourcecode.swift; path = DefaultTextField.swift; sourceTree = "<group>"; };
		BF1C52E62A7E4D17008B642D /* DefaultProgressBar.swift */ = {isa = PBXFileReference; lastKnownFileType = sourcecode.swift; path = DefaultProgressBar.swift; sourceTree = "<group>"; };
		211AAD2A2A7E2CBA00D7469C /* ChooseZhanrViewController.swift */ = {isa = PBXFileReference; lastKnownFileType = sourcecode.swift; path = ChooseZhanrViewController.swift; sourceTree = "<group>"; };
		211AAD2D2A7E35DF00D7469C /* ButtonsCollectionViewCell.swift */ = {isa = PBXFileReference; lastKnownFileType = sourcecode.swift; path = ButtonsCollectionViewCell.swift; sourceTree = "<group>"; };
		211AAD2F2A7E387E00D7469C /* OptionsTableViewCell.swift */ = {isa = PBXFileReference; lastKnownFileType = sourcecode.swift; path = OptionsTableViewCell.swift; sourceTree = "<group>"; };
		BF52FE392A7E0ABF0028B093 /* Color.swift */ = {isa = PBXFileReference; lastKnownFileType = sourcecode.swift; path = Color.swift; sourceTree = "<group>"; };
		BF52FE3B2A7E0DF80028B093 /* Image.swift */ = {isa = PBXFileReference; lastKnownFileType = sourcecode.swift; path = Image.swift; sourceTree = "<group>"; };
		DEFCE87A2A7E1BA300FA6051 /* DefaultButton.swift */ = {isa = PBXFileReference; lastKnownFileType = sourcecode.swift; path = DefaultButton.swift; sourceTree = "<group>"; };
/* End PBXFileReference section */

/* Begin PBXFrameworksBuildPhase section */
		211AACC72A7D5EA000D7469C /* Frameworks */ = {
			isa = PBXFrameworksBuildPhase;
			buildActionMask = 2147483647;
			files = (
			);
			runOnlyForDeploymentPostprocessing = 0;
		};
/* End PBXFrameworksBuildPhase section */

/* Begin PBXGroup section */
		211AACC12A7D5EA000D7469C = {
			isa = PBXGroup;
			children = (
				211AACCC2A7D5EA000D7469C /* Muslink */,
				211AACCB2A7D5EA000D7469C /* Products */,
			);
			sourceTree = "<group>";
		};
		211AACCB2A7D5EA000D7469C /* Products */ = {
			isa = PBXGroup;
			children = (
				211AACCA2A7D5EA000D7469C /* Muslink.app */,
			);
			name = Products;
			sourceTree = "<group>";
		};
		211AACCC2A7D5EA000D7469C /* Muslink */ = {
			isa = PBXGroup;
			children = (
				211AAD2C2A7E32C300D7469C /* ChooseZhanr */,
				BF52FE382A7E0A9F0028B093 /* DesignSystem */,
				211AACE32A7D5F1100D7469C /* Components */,
				211AACE12A7D5ED300D7469C /* Application */,
				211AACE22A7D5EE900D7469C /* Resources */,
				211AACD12A7D5EA000D7469C /* RegistrationViewController.swift */,
			);
			path = Muslink;
			sourceTree = "<group>";
		};
		211AACE12A7D5ED300D7469C /* Application */ = {
			isa = PBXGroup;
			children = (
				211AACCD2A7D5EA000D7469C /* AppDelegate.swift */,
				211AACCF2A7D5EA000D7469C /* SceneDelegate.swift */,
			);
			path = Application;
			sourceTree = "<group>";
		};
		211AACE22A7D5EE900D7469C /* Resources */ = {
			isa = PBXGroup;
			children = (
				211AACD62A7D5EA200D7469C /* Assets.xcassets */,
				211AACD82A7D5EA200D7469C /* LaunchScreen.storyboard */,
				211AACDB2A7D5EA200D7469C /* Info.plist */,
			);
			path = Resources;
			sourceTree = "<group>";
		};
		211AACE32A7D5F1100D7469C /* Components */ = {
			isa = PBXGroup;
			children = (
				211AAD262A7E12CD00D7469C /* DefaultTextField.swift */,
				DEFCE87A2A7E1BA300FA6051 /* DefaultButton.swift */,
				BF1C52E62A7E4D17008B642D /* DefaultProgressBar.swift */,
			);
			path = Components;
			sourceTree = "<group>";
		};
		211AAD2C2A7E32C300D7469C /* ChooseZhanr */ = {
			isa = PBXGroup;
			children = (
				211AAD2A2A7E2CBA00D7469C /* ChooseZhanrViewController.swift */,
				211AAD2D2A7E35DF00D7469C /* ButtonsCollectionViewCell.swift */,
				211AAD2F2A7E387E00D7469C /* OptionsTableViewCell.swift */,
			);
			path = ChooseZhanr;
			sourceTree = "<group>";
		};
		BF52FE382A7E0A9F0028B093 /* DesignSystem */ = {
			isa = PBXGroup;
			children = (
				BF52FE392A7E0ABF0028B093 /* Color.swift */,
				BF52FE3B2A7E0DF80028B093 /* Image.swift */,
			);
			path = DesignSystem;
			sourceTree = "<group>";
		};
/* End PBXGroup section */

/* Begin PBXNativeTarget section */
		211AACC92A7D5EA000D7469C /* Muslink */ = {
			isa = PBXNativeTarget;
			buildConfigurationList = 211AACDE2A7D5EA200D7469C /* Build configuration list for PBXNativeTarget "Muslink" */;
			buildPhases = (
				211AACC62A7D5EA000D7469C /* Sources */,
				211AACC72A7D5EA000D7469C /* Frameworks */,
				211AACC82A7D5EA000D7469C /* Resources */,
			);
			buildRules = (
			);
			dependencies = (
			);
			name = Muslink;
			productName = ABC;
			productReference = 211AACCA2A7D5EA000D7469C /* Muslink.app */;
			productType = "com.apple.product-type.application";
		};
/* End PBXNativeTarget section */

/* Begin PBXProject section */
		211AACC22A7D5EA000D7469C /* Project object */ = {
			isa = PBXProject;
			attributes = {
				BuildIndependentTargetsInParallel = 1;
				LastSwiftUpdateCheck = 1430;
				LastUpgradeCheck = 1430;
				TargetAttributes = {
					211AACC92A7D5EA000D7469C = {
						CreatedOnToolsVersion = 14.3.1;
					};
				};
			};
			buildConfigurationList = 211AACC52A7D5EA000D7469C /* Build configuration list for PBXProject "Muslink" */;
			compatibilityVersion = "Xcode 14.0";
			developmentRegion = en;
			hasScannedForEncodings = 0;
			knownRegions = (
				en,
				Base,
			);
			mainGroup = 211AACC12A7D5EA000D7469C;
			productRefGroup = 211AACCB2A7D5EA000D7469C /* Products */;
			projectDirPath = "";
			projectRoot = "";
			targets = (
				211AACC92A7D5EA000D7469C /* Muslink */,
			);
		};
/* End PBXProject section */

/* Begin PBXResourcesBuildPhase section */
		211AACC82A7D5EA000D7469C /* Resources */ = {
			isa = PBXResourcesBuildPhase;
			buildActionMask = 2147483647;
			files = (
				211AACDA2A7D5EA200D7469C /* LaunchScreen.storyboard in Resources */,
				211AACD72A7D5EA200D7469C /* Assets.xcassets in Resources */,
			);
			runOnlyForDeploymentPostprocessing = 0;
		};
/* End PBXResourcesBuildPhase section */

/* Begin PBXSourcesBuildPhase section */
		211AACC62A7D5EA000D7469C /* Sources */ = {
			isa = PBXSourcesBuildPhase;
			buildActionMask = 2147483647;
			files = (
				211AAD302A7E387E00D7469C /* OptionsTableViewCell.swift in Sources */,
				211AACD22A7D5EA000D7469C /* RegistrationViewController.swift in Sources */,
				BF52FE3A2A7E0ABF0028B093 /* Color.swift in Sources */,
				211AACCE2A7D5EA000D7469C /* AppDelegate.swift in Sources */,
				211AAD272A7E12CD00D7469C /* DefaultTextField.swift in Sources */,
				211AACD02A7D5EA000D7469C /* SceneDelegate.swift in Sources */,
				BF1C52E72A7E4D17008B642D /* DefaultProgressBar.swift in Sources */,
				211AAD2B2A7E2CBA00D7469C /* ChooseZhanrViewController.swift in Sources */,
				BF52FE3C2A7E0DF80028B093 /* Image.swift in Sources */,
				DEFCE87B2A7E1BA300FA6051 /* DefaultButton.swift in Sources */,
				211AAD2E2A7E35DF00D7469C /* ButtonsCollectionViewCell.swift in Sources */,
			);
			runOnlyForDeploymentPostprocessing = 0;
		};
/* End PBXSourcesBuildPhase section */

/* Begin PBXVariantGroup section */
		211AACD82A7D5EA200D7469C /* LaunchScreen.storyboard */ = {
			isa = PBXVariantGroup;
			children = (
				211AACD92A7D5EA200D7469C /* Base */,
			);
			name = LaunchScreen.storyboard;
			sourceTree = "<group>";
		};
/* End PBXVariantGroup section */

/* Begin XCBuildConfiguration section */
		211AACDC2A7D5EA200D7469C /* Debug */ = {
			isa = XCBuildConfiguration;
			buildSettings = {
				ALWAYS_SEARCH_USER_PATHS = NO;
				CLANG_ANALYZER_NONNULL = YES;
				CLANG_ANALYZER_NUMBER_OBJECT_CONVERSION = YES_AGGRESSIVE;
				CLANG_CXX_LANGUAGE_STANDARD = "gnu++20";
				CLANG_ENABLE_MODULES = YES;
				CLANG_ENABLE_OBJC_ARC = YES;
				CLANG_ENABLE_OBJC_WEAK = YES;
				CLANG_WARN_BLOCK_CAPTURE_AUTORELEASING = YES;
				CLANG_WARN_BOOL_CONVERSION = YES;
				CLANG_WARN_COMMA = YES;
				CLANG_WARN_CONSTANT_CONVERSION = YES;
				CLANG_WARN_DEPRECATED_OBJC_IMPLEMENTATIONS = YES;
				CLANG_WARN_DIRECT_OBJC_ISA_USAGE = YES_ERROR;
				CLANG_WARN_DOCUMENTATION_COMMENTS = YES;
				CLANG_WARN_EMPTY_BODY = YES;
				CLANG_WARN_ENUM_CONVERSION = YES;
				CLANG_WARN_INFINITE_RECURSION = YES;
				CLANG_WARN_INT_CONVERSION = YES;
				CLANG_WARN_NON_LITERAL_NULL_CONVERSION = YES;
				CLANG_WARN_OBJC_IMPLICIT_RETAIN_SELF = YES;
				CLANG_WARN_OBJC_LITERAL_CONVERSION = YES;
				CLANG_WARN_OBJC_ROOT_CLASS = YES_ERROR;
				CLANG_WARN_QUOTED_INCLUDE_IN_FRAMEWORK_HEADER = YES;
				CLANG_WARN_RANGE_LOOP_ANALYSIS = YES;
				CLANG_WARN_STRICT_PROTOTYPES = YES;
				CLANG_WARN_SUSPICIOUS_MOVE = YES;
				CLANG_WARN_UNGUARDED_AVAILABILITY = YES_AGGRESSIVE;
				CLANG_WARN_UNREACHABLE_CODE = YES;
				CLANG_WARN__DUPLICATE_METHOD_MATCH = YES;
				COPY_PHASE_STRIP = NO;
				DEBUG_INFORMATION_FORMAT = dwarf;
				ENABLE_STRICT_OBJC_MSGSEND = YES;
				ENABLE_TESTABILITY = YES;
				GCC_C_LANGUAGE_STANDARD = gnu11;
				GCC_DYNAMIC_NO_PIC = NO;
				GCC_NO_COMMON_BLOCKS = YES;
				GCC_OPTIMIZATION_LEVEL = 0;
				GCC_PREPROCESSOR_DEFINITIONS = (
					"DEBUG=1",
					"$(inherited)",
				);
				GCC_WARN_64_TO_32_BIT_CONVERSION = YES;
				GCC_WARN_ABOUT_RETURN_TYPE = YES_ERROR;
				GCC_WARN_UNDECLARED_SELECTOR = YES;
				GCC_WARN_UNINITIALIZED_AUTOS = YES_AGGRESSIVE;
				GCC_WARN_UNUSED_FUNCTION = YES;
				GCC_WARN_UNUSED_VARIABLE = YES;
				IPHONEOS_DEPLOYMENT_TARGET = 16.4;
				MTL_ENABLE_DEBUG_INFO = INCLUDE_SOURCE;
				MTL_FAST_MATH = YES;
				ONLY_ACTIVE_ARCH = YES;
				SDKROOT = iphoneos;
				SWIFT_ACTIVE_COMPILATION_CONDITIONS = DEBUG;
				SWIFT_OPTIMIZATION_LEVEL = "-Onone";
			};
			name = Debug;
		};
		211AACDD2A7D5EA200D7469C /* Release */ = {
			isa = XCBuildConfiguration;
			buildSettings = {
				ALWAYS_SEARCH_USER_PATHS = NO;
				CLANG_ANALYZER_NONNULL = YES;
				CLANG_ANALYZER_NUMBER_OBJECT_CONVERSION = YES_AGGRESSIVE;
				CLANG_CXX_LANGUAGE_STANDARD = "gnu++20";
				CLANG_ENABLE_MODULES = YES;
				CLANG_ENABLE_OBJC_ARC = YES;
				CLANG_ENABLE_OBJC_WEAK = YES;
				CLANG_WARN_BLOCK_CAPTURE_AUTORELEASING = YES;
				CLANG_WARN_BOOL_CONVERSION = YES;
				CLANG_WARN_COMMA = YES;
				CLANG_WARN_CONSTANT_CONVERSION = YES;
				CLANG_WARN_DEPRECATED_OBJC_IMPLEMENTATIONS = YES;
				CLANG_WARN_DIRECT_OBJC_ISA_USAGE = YES_ERROR;
				CLANG_WARN_DOCUMENTATION_COMMENTS = YES;
				CLANG_WARN_EMPTY_BODY = YES;
				CLANG_WARN_ENUM_CONVERSION = YES;
				CLANG_WARN_INFINITE_RECURSION = YES;
				CLANG_WARN_INT_CONVERSION = YES;
				CLANG_WARN_NON_LITERAL_NULL_CONVERSION = YES;
				CLANG_WARN_OBJC_IMPLICIT_RETAIN_SELF = YES;
				CLANG_WARN_OBJC_LITERAL_CONVERSION = YES;
				CLANG_WARN_OBJC_ROOT_CLASS = YES_ERROR;
				CLANG_WARN_QUOTED_INCLUDE_IN_FRAMEWORK_HEADER = YES;
				CLANG_WARN_RANGE_LOOP_ANALYSIS = YES;
				CLANG_WARN_STRICT_PROTOTYPES = YES;
				CLANG_WARN_SUSPICIOUS_MOVE = YES;
				CLANG_WARN_UNGUARDED_AVAILABILITY = YES_AGGRESSIVE;
				CLANG_WARN_UNREACHABLE_CODE = YES;
				CLANG_WARN__DUPLICATE_METHOD_MATCH = YES;
				COPY_PHASE_STRIP = NO;
				DEBUG_INFORMATION_FORMAT = "dwarf-with-dsym";
				ENABLE_NS_ASSERTIONS = NO;
				ENABLE_STRICT_OBJC_MSGSEND = YES;
				GCC_C_LANGUAGE_STANDARD = gnu11;
				GCC_NO_COMMON_BLOCKS = YES;
				GCC_WARN_64_TO_32_BIT_CONVERSION = YES;
				GCC_WARN_ABOUT_RETURN_TYPE = YES_ERROR;
				GCC_WARN_UNDECLARED_SELECTOR = YES;
				GCC_WARN_UNINITIALIZED_AUTOS = YES_AGGRESSIVE;
				GCC_WARN_UNUSED_FUNCTION = YES;
				GCC_WARN_UNUSED_VARIABLE = YES;
				IPHONEOS_DEPLOYMENT_TARGET = 16.4;
				MTL_ENABLE_DEBUG_INFO = NO;
				MTL_FAST_MATH = YES;
				SDKROOT = iphoneos;
				SWIFT_COMPILATION_MODE = wholemodule;
				SWIFT_OPTIMIZATION_LEVEL = "-O";
				VALIDATE_PRODUCT = YES;
			};
			name = Release;
		};
		211AACDF2A7D5EA200D7469C /* Debug */ = {
			isa = XCBuildConfiguration;
			buildSettings = {
				ASSETCATALOG_COMPILER_APPICON_NAME = AppIcon;
				ASSETCATALOG_COMPILER_GLOBAL_ACCENT_COLOR_NAME = AccentColor;
				CODE_SIGN_STYLE = Automatic;
				CURRENT_PROJECT_VERSION = 1;
				DEVELOPMENT_TEAM = 7MJTTLBM2G;
				GENERATE_INFOPLIST_FILE = YES;
				INFOPLIST_FILE = Muslink/Resources/Info.plist;
				INFOPLIST_KEY_UIApplicationSupportsIndirectInputEvents = YES;
				INFOPLIST_KEY_UILaunchStoryboardName = LaunchScreen;
				INFOPLIST_KEY_UISupportedInterfaceOrientations_iPad = "UIInterfaceOrientationPortrait UIInterfaceOrientationPortraitUpsideDown UIInterfaceOrientationLandscapeLeft UIInterfaceOrientationLandscapeRight";
				INFOPLIST_KEY_UISupportedInterfaceOrientations_iPhone = "UIInterfaceOrientationPortrait UIInterfaceOrientationLandscapeLeft UIInterfaceOrientationLandscapeRight";
				LD_RUNPATH_SEARCH_PATHS = (
					"$(inherited)",
					"@executable_path/Frameworks",
				);
				MARKETING_VERSION = 1.0;
				PRODUCT_BUNDLE_IDENTIFIER = abrorbek.ABC;
				PRODUCT_NAME = "$(TARGET_NAME)";
				SWIFT_EMIT_LOC_STRINGS = YES;
				SWIFT_VERSION = 5.0;
				TARGETED_DEVICE_FAMILY = "1,2";
			};
			name = Debug;
		};
		211AACE02A7D5EA200D7469C /* Release */ = {
			isa = XCBuildConfiguration;
			buildSettings = {
				ASSETCATALOG_COMPILER_APPICON_NAME = AppIcon;
				ASSETCATALOG_COMPILER_GLOBAL_ACCENT_COLOR_NAME = AccentColor;
				CODE_SIGN_STYLE = Automatic;
				CURRENT_PROJECT_VERSION = 1;
				DEVELOPMENT_TEAM = 7MJTTLBM2G;
				GENERATE_INFOPLIST_FILE = YES;
				INFOPLIST_FILE = Muslink/Resources/Info.plist;
				INFOPLIST_KEY_UIApplicationSupportsIndirectInputEvents = YES;
				INFOPLIST_KEY_UILaunchStoryboardName = LaunchScreen;
				INFOPLIST_KEY_UISupportedInterfaceOrientations_iPad = "UIInterfaceOrientationPortrait UIInterfaceOrientationPortraitUpsideDown UIInterfaceOrientationLandscapeLeft UIInterfaceOrientationLandscapeRight";
				INFOPLIST_KEY_UISupportedInterfaceOrientations_iPhone = "UIInterfaceOrientationPortrait UIInterfaceOrientationLandscapeLeft UIInterfaceOrientationLandscapeRight";
				LD_RUNPATH_SEARCH_PATHS = (
					"$(inherited)",
					"@executable_path/Frameworks",
				);
				MARKETING_VERSION = 1.0;
				PRODUCT_BUNDLE_IDENTIFIER = abrorbek.ABC;
				PRODUCT_NAME = "$(TARGET_NAME)";
				SWIFT_EMIT_LOC_STRINGS = YES;
				SWIFT_VERSION = 5.0;
				TARGETED_DEVICE_FAMILY = "1,2";
			};
			name = Release;
		};
/* End XCBuildConfiguration section */

/* Begin XCConfigurationList section */
		211AACC52A7D5EA000D7469C /* Build configuration list for PBXProject "Muslink" */ = {
			isa = XCConfigurationList;
			buildConfigurations = (
				211AACDC2A7D5EA200D7469C /* Debug */,
				211AACDD2A7D5EA200D7469C /* Release */,
			);
			defaultConfigurationIsVisible = 0;
			defaultConfigurationName = Release;
		};
		211AACDE2A7D5EA200D7469C /* Build configuration list for PBXNativeTarget "Muslink" */ = {
			isa = XCConfigurationList;
			buildConfigurations = (
				211AACDF2A7D5EA200D7469C /* Debug */,
				211AACE02A7D5EA200D7469C /* Release */,
			);
			defaultConfigurationIsVisible = 0;
			defaultConfigurationName = Release;
		};
/* End XCConfigurationList section */
	};
	rootObject = 211AACC22A7D5EA000D7469C /* Project object */;
}
